
Microsoft Visual Studio Solution File, Format Version 12.00
# Visual Studio Version 17
VisualStudioVersion = 17.11.35222.181
MinimumVisualStudioVersion = 10.0.40219.1
Project("{FAE04EC0-301F-11D3-BF4B-00C04F79EFBC}") = "Cwiczenia1", "Cwiczenia1\Cwiczenia1.csproj", "{F7D36D8E-1CEB-4629-9FCD-B318C6F6D465}"
EndProject
Global
	GlobalSection(SolutionConfigurationPlatforms) = preSolution
		Debug|Any CPU = Debug|Any CPU
		Release|Any CPU = Release|Any CPU
	EndGlobalSection
	GlobalSection(ProjectConfigurationPlatforms) = postSolution
		{F7D36D8E-1CEB-4629-9FCD-B318C6F6D465}.Debug|Any CPU.ActiveCfg = Debug|Any CPU
		{F7D36D8E-1CEB-4629-9FCD-B318C6F6D465}.Debug|Any CPU.Build.0 = Debug|Any CPU
		{F7D36D8E-1CEB-4629-9FCD-B318C6F6D465}.Release|Any CPU.ActiveCfg = Release|Any CPU
		{F7D36D8E-1CEB-4629-9FCD-B318C6F6D465}.Release|Any CPU.Build.0 = Release|Any CPU
	EndGlobalSection
	GlobalSection(SolutionProperties) = preSolution
		HideSolutionNode = FALSE
	EndGlobalSection
	GlobalSection(ExtensibilityGlobals) = postSolution
		SolutionGuid = {06B105EC-E098-4CB7-B6E9-CB885671EFAC}
	EndGlobalSection
EndGlobal
